
Microsoft Visual Studio Solution File, Format Version 12.00
# Visual Studio Version 17
VisualStudioVersion = 17.1.32421.90
MinimumVisualStudioVersion = 10.0.40219.1
Project("{2150E333-8FDC-42A3-9474-1A3956D46DE8}") = "Frontend", "Frontend", "{78AD6ED6-EABA-46B7-9026-03EA5993A8CA}"
EndProject
Project("{9A19103F-16F7-4668-BE54-9A1E7A4F7556}") = "Orco.Web", "Orco.Web\Orco.Web.csproj", "{E36ECFD5-B351-4A4E-BE4B-68D2EC88A36D}"
EndProject
Project("{2150E333-8FDC-42A3-9474-1A3956D46DE8}") = "Services", "Services", "{81F5D20F-0A47-4215-9C02-BA961DCE2518}"
EndProject
Project("{9A19103F-16F7-4668-BE54-9A1E7A4F7556}") = "Orco.Services.ProductAPI", "Orco.Services.ProductAPI\Orco.Services.ProductAPI.csproj", "{08EC2BCF-56E7-4562-9AF6-66AA90252B76}"
EndProject
Project("{9A19103F-16F7-4668-BE54-9A1E7A4F7556}") = "Orco.Services.Identity", "Orco.Services.Identity\Orco.Services.Identity.csproj", "{EF953939-89FA-4991-A671-66AC37EF1E11}"
EndProject
Project("{9A19103F-16F7-4668-BE54-9A1E7A4F7556}") = "Orco.Services.ShoppingCartAPI", "Orco.Services.ShoppingCartAPI\Orco.Services.ShoppingCartAPI.csproj", "{D872A2D7-A42A-4723-9E24-2526204E44AF}"
EndProject
Project("{9A19103F-16F7-4668-BE54-9A1E7A4F7556}") = "Orco.Services.CouponAPI", "Orco.Services.CouponAPI\Orco.Services.CouponAPI.csproj", "{B5D7EADC-6FCB-47FB-B158-1D8E3C9961AB}"
EndProject
Project("{2150E333-8FDC-42A3-9474-1A3956D46DE8}") = "Integration", "Integration", "{20280490-4F16-405C-A133-69A08B5A42F4}"
EndProject
Project("{9A19103F-16F7-4668-BE54-9A1E7A4F7556}") = "Orco.MessageBus", "Orco.MessageBus\Orco.MessageBus.csproj", "{7401E0FA-A752-4F76-B858-967A4A0269F0}"
EndProject
Project("{9A19103F-16F7-4668-BE54-9A1E7A4F7556}") = "Orco.Services.OrderAPI", "Orco.Services.OrderAPI\Orco.Services.OrderAPI.csproj", "{22E279F3-B86B-4BEE-97F2-A0F5E5DE2A6B}"
EndProject
Project("{2150E333-8FDC-42A3-9474-1A3956D46DE8}") = "Payments", "Payments", "{6245A171-C08D-42FA-B28C-B6D33848F499}"
EndProject
Project("{9A19103F-16F7-4668-BE54-9A1E7A4F7556}") = "PaymentProcessor", "PaymentProcessor\PaymentProcessor.csproj", "{40039F2A-FE36-4812-8EE0-133CD33C6FEF}"
EndProject
Project("{FAE04EC0-301F-11D3-BF4B-00C04F79EFBC}") = "Orco.Services.PaymentAPI", "Orco.Services.PaymentAPI\Orco.Services.PaymentAPI.csproj", "{F09AD71C-5EFD-408B-919D-8CE8071B1418}"
EndProject
Project("{FAE04EC0-301F-11D3-BF4B-00C04F79EFBC}") = "Orco.Services.Email", "Orco.Services.Email\Orco.Services.Email.csproj", "{4A6790CA-8A32-44B2-9A4A-26B38CE5C650}"
EndProject
Project("{2150E333-8FDC-42A3-9474-1A3956D46DE8}") = "Gateway", "Gateway", "{F43DD755-209E-4B37-ABAD-A4F3E44DC9D4}"
EndProject
Project("{FAE04EC0-301F-11D3-BF4B-00C04F79EFBC}") = "Orco.GatewaySolution", "Orco.GatewaySolution\Orco.GatewaySolution.csproj", "{E0D8D16F-65CB-4E9E-8CC3-E70859180213}"
EndProject
Global
	GlobalSection(SolutionConfigurationPlatforms) = preSolution
		Debug|Any CPU = Debug|Any CPU
		Release|Any CPU = Release|Any CPU
	EndGlobalSection
	GlobalSection(ProjectConfigurationPlatforms) = postSolution
		{E36ECFD5-B351-4A4E-BE4B-68D2EC88A36D}.Debug|Any CPU.ActiveCfg = Debug|Any CPU
		{E36ECFD5-B351-4A4E-BE4B-68D2EC88A36D}.Debug|Any CPU.Build.0 = Debug|Any CPU
		{E36ECFD5-B351-4A4E-BE4B-68D2EC88A36D}.Release|Any CPU.ActiveCfg = Release|Any CPU
		{E36ECFD5-B351-4A4E-BE4B-68D2EC88A36D}.Release|Any CPU.Build.0 = Release|Any CPU
		{08EC2BCF-56E7-4562-9AF6-66AA90252B76}.Debug|Any CPU.ActiveCfg = Debug|Any CPU
		{08EC2BCF-56E7-4562-9AF6-66AA90252B76}.Debug|Any CPU.Build.0 = Debug|Any CPU
		{08EC2BCF-56E7-4562-9AF6-66AA90252B76}.Release|Any CPU.ActiveCfg = Release|Any CPU
		{08EC2BCF-56E7-4562-9AF6-66AA90252B76}.Release|Any CPU.Build.0 = Release|Any CPU
		{EF953939-89FA-4991-A671-66AC37EF1E11}.Debug|Any CPU.ActiveCfg = Debug|Any CPU
		{EF953939-89FA-4991-A671-66AC37EF1E11}.Debug|Any CPU.Build.0 = Debug|Any CPU
		{EF953939-89FA-4991-A671-66AC37EF1E11}.Release|Any CPU.ActiveCfg = Release|Any CPU
		{EF953939-89FA-4991-A671-66AC37EF1E11}.Release|Any CPU.Build.0 = Release|Any CPU
		{D872A2D7-A42A-4723-9E24-2526204E44AF}.Debug|Any CPU.ActiveCfg = Debug|Any CPU
		{D872A2D7-A42A-4723-9E24-2526204E44AF}.Debug|Any CPU.Build.0 = Debug|Any CPU
		{D872A2D7-A42A-4723-9E24-2526204E44AF}.Release|Any CPU.ActiveCfg = Release|Any CPU
		{D872A2D7-A42A-4723-9E24-2526204E44AF}.Release|Any CPU.Build.0 = Release|Any CPU
		{B5D7EADC-6FCB-47FB-B158-1D8E3C9961AB}.Debug|Any CPU.ActiveCfg = Debug|Any CPU
		{B5D7EADC-6FCB-47FB-B158-1D8E3C9961AB}.Debug|Any CPU.Build.0 = Debug|Any CPU
		{B5D7EADC-6FCB-47FB-B158-1D8E3C9961AB}.Release|Any CPU.ActiveCfg = Release|Any CPU
		{B5D7EADC-6FCB-47FB-B158-1D8E3C9961AB}.Release|Any CPU.Build.0 = Release|Any CPU
		{7401E0FA-A752-4F76-B858-967A4A0269F0}.Debug|Any CPU.ActiveCfg = Debug|Any CPU
		{7401E0FA-A752-4F76-B858-967A4A0269F0}.Debug|Any CPU.Build.0 = Debug|Any CPU
		{7401E0FA-A752-4F76-B858-967A4A0269F0}.Release|Any CPU.ActiveCfg = Release|Any CPU
		{7401E0FA-A752-4F76-B858-967A4A0269F0}.Release|Any CPU.Build.0 = Release|Any CPU
		{22E279F3-B86B-4BEE-97F2-A0F5E5DE2A6B}.Debug|Any CPU.ActiveCfg = Debug|Any CPU
		{22E279F3-B86B-4BEE-97F2-A0F5E5DE2A6B}.Debug|Any CPU.Build.0 = Debug|Any CPU
		{22E279F3-B86B-4BEE-97F2-A0F5E5DE2A6B}.Release|Any CPU.ActiveCfg = Release|Any CPU
		{22E279F3-B86B-4BEE-97F2-A0F5E5DE2A6B}.Release|Any CPU.Build.0 = Release|Any CPU
		{40039F2A-FE36-4812-8EE0-133CD33C6FEF}.Debug|Any CPU.ActiveCfg = Debug|Any CPU
		{40039F2A-FE36-4812-8EE0-133CD33C6FEF}.Debug|Any CPU.Build.0 = Debug|Any CPU
		{40039F2A-FE36-4812-8EE0-133CD33C6FEF}.Release|Any CPU.ActiveCfg = Release|Any CPU
		{40039F2A-FE36-4812-8EE0-133CD33C6FEF}.Release|Any CPU.Build.0 = Release|Any CPU
		{F09AD71C-5EFD-408B-919D-8CE8071B1418}.Debug|Any CPU.ActiveCfg = Debug|Any CPU
		{F09AD71C-5EFD-408B-919D-8CE8071B1418}.Debug|Any CPU.Build.0 = Debug|Any CPU
		{F09AD71C-5EFD-408B-919D-8CE8071B1418}.Release|Any CPU.ActiveCfg = Release|Any CPU
		{F09AD71C-5EFD-408B-919D-8CE8071B1418}.Release|Any CPU.Build.0 = Release|Any CPU
		{4A6790CA-8A32-44B2-9A4A-26B38CE5C650}.Debug|Any CPU.ActiveCfg = Debug|Any CPU
		{4A6790CA-8A32-44B2-9A4A-26B38CE5C650}.Debug|Any CPU.Build.0 = Debug|Any CPU
		{4A6790CA-8A32-44B2-9A4A-26B38CE5C650}.Release|Any CPU.ActiveCfg = Release|Any CPU
		{4A6790CA-8A32-44B2-9A4A-26B38CE5C650}.Release|Any CPU.Build.0 = Release|Any CPU
		{E0D8D16F-65CB-4E9E-8CC3-E70859180213}.Debug|Any CPU.ActiveCfg = Debug|Any CPU
		{E0D8D16F-65CB-4E9E-8CC3-E70859180213}.Debug|Any CPU.Build.0 = Debug|Any CPU
		{E0D8D16F-65CB-4E9E-8CC3-E70859180213}.Release|Any CPU.ActiveCfg = Release|Any CPU
		{E0D8D16F-65CB-4E9E-8CC3-E70859180213}.Release|Any CPU.Build.0 = Release|Any CPU
	EndGlobalSection
	GlobalSection(SolutionProperties) = preSolution
		HideSolutionNode = FALSE
	EndGlobalSection
	GlobalSection(NestedProjects) = preSolution
		{E36ECFD5-B351-4A4E-BE4B-68D2EC88A36D} = {78AD6ED6-EABA-46B7-9026-03EA5993A8CA}
		{08EC2BCF-56E7-4562-9AF6-66AA90252B76} = {81F5D20F-0A47-4215-9C02-BA961DCE2518}
		{EF953939-89FA-4991-A671-66AC37EF1E11} = {81F5D20F-0A47-4215-9C02-BA961DCE2518}
		{D872A2D7-A42A-4723-9E24-2526204E44AF} = {81F5D20F-0A47-4215-9C02-BA961DCE2518}
		{B5D7EADC-6FCB-47FB-B158-1D8E3C9961AB} = {81F5D20F-0A47-4215-9C02-BA961DCE2518}
		{7401E0FA-A752-4F76-B858-967A4A0269F0} = {20280490-4F16-405C-A133-69A08B5A42F4}
		{22E279F3-B86B-4BEE-97F2-A0F5E5DE2A6B} = {81F5D20F-0A47-4215-9C02-BA961DCE2518}
		{40039F2A-FE36-4812-8EE0-133CD33C6FEF} = {6245A171-C08D-42FA-B28C-B6D33848F499}
		{F09AD71C-5EFD-408B-919D-8CE8071B1418} = {81F5D20F-0A47-4215-9C02-BA961DCE2518}
		{4A6790CA-8A32-44B2-9A4A-26B38CE5C650} = {81F5D20F-0A47-4215-9C02-BA961DCE2518}
		{E0D8D16F-65CB-4E9E-8CC3-E70859180213} = {F43DD755-209E-4B37-ABAD-A4F3E44DC9D4}
	EndGlobalSection
	GlobalSection(ExtensibilityGlobals) = postSolution
		SolutionGuid = {B97FCDD9-EFC1-43B4-A6CA-58963F108635}
	EndGlobalSection
EndGlobal
